input: |
  {
    // #rewrite-enable
    // #if(os="mac"|"windows")
    // "key": "#{os}"
    "key": "mac" // #del
    // #else
    // "key": "linux"
    // #endif
    // #rewrite-disable

    // #if(os="mac"|"windows")
    "key2": "#{os}"
    // #else
    // "key2": "linux"
    // #endif
  }
output: |
  {
    // #rewrite-enable
    // #if(os="mac"|"windows")
    // "key": "#{os}"
    // #else
    // "key": "linux"
    // #endif
    // #rewrite-disable

    // #if(os="mac"|"windows")
    // "key2": "#{os}"
    // #else
    // "key2": "linux"
    // #endif
  }
